
Microsoft Visual Studio Solution File, Format Version 12.00
# Visual Studio Version 17
VisualStudioVersion = 17.5.002.0
MinimumVisualStudioVersion = 10.0.40219.1
Project("{9A19103F-16F7-4668-BE54-9A1E7A4F7556}") = "ChuyenDoiChuSo", "ChuyenDoiChuSo.csproj", "{64832ED1-DBC1-4291-950D-9B36C38727AB}"
EndProject
Global
	GlobalSection(SolutionConfigurationPlatforms) = preSolution
		Debug|Any CPU = Debug|Any CPU
		Release|Any CPU = Release|Any CPU
	EndGlobalSection
	GlobalSection(ProjectConfigurationPlatforms) = postSolution
		{64832ED1-DBC1-4291-950D-9B36C38727AB}.Debug|Any CPU.ActiveCfg = Debug|Any CPU
		{64832ED1-DBC1-4291-950D-9B36C38727AB}.Debug|Any CPU.Build.0 = Debug|Any CPU
		{64832ED1-DBC1-4291-950D-9B36C38727AB}.Release|Any CPU.ActiveCfg = Release|Any CPU
		{64832ED1-DBC1-4291-950D-9B36C38727AB}.Release|Any CPU.Build.0 = Release|Any CPU
	EndGlobalSection
	GlobalSection(SolutionProperties) = preSolution
		HideSolutionNode = FALSE
	EndGlobalSection
	GlobalSection(ExtensibilityGlobals) = postSolution
		SolutionGuid = {2E1F215D-E067-4967-8733-AE3AD1DD019B}
	EndGlobalSection
EndGlobal
